
Microsoft Visual Studio Solution File, Format Version 12.00
# Visual Studio 14
VisualStudioVersion = 14.0.25420.1
MinimumVisualStudioVersion = 10.0.40219.1
Project("{FAE04EC0-301F-11D3-BF4B-00C04F79EFBC}") = "LawnMowers", "LawnMowers\LawnMowers.csproj", "{0B923873-ADE7-4C78-BFD3-A3F5F7C3C108}"
EndProject
Project("{FAE04EC0-301F-11D3-BF4B-00C04F79EFBC}") = "LawnMowers.Tests", "LawnMowers.Tests\LawnMowers.Tests.csproj", "{F456F592-CC12-4529-B020-D7AF8A234089}"
EndProject
Global
	GlobalSection(SolutionConfigurationPlatforms) = preSolution
		Debug|Any CPU = Debug|Any CPU
		Release|Any CPU = Release|Any CPU
	EndGlobalSection
	GlobalSection(ProjectConfigurationPlatforms) = postSolution
		{0B923873-ADE7-4C78-BFD3-A3F5F7C3C108}.Debug|Any CPU.ActiveCfg = Debug|Any CPU
		{0B923873-ADE7-4C78-BFD3-A3F5F7C3C108}.Debug|Any CPU.Build.0 = Debug|Any CPU
		{0B923873-ADE7-4C78-BFD3-A3F5F7C3C108}.Release|Any CPU.ActiveCfg = Release|Any CPU
		{0B923873-ADE7-4C78-BFD3-A3F5F7C3C108}.Release|Any CPU.Build.0 = Release|Any CPU
		{F456F592-CC12-4529-B020-D7AF8A234089}.Debug|Any CPU.ActiveCfg = Debug|Any CPU
		{F456F592-CC12-4529-B020-D7AF8A234089}.Debug|Any CPU.Build.0 = Debug|Any CPU
		{F456F592-CC12-4529-B020-D7AF8A234089}.Release|Any CPU.ActiveCfg = Release|Any CPU
		{F456F592-CC12-4529-B020-D7AF8A234089}.Release|Any CPU.Build.0 = Release|Any CPU
	EndGlobalSection
	GlobalSection(SolutionProperties) = preSolution
		HideSolutionNode = FALSE
	EndGlobalSection
EndGlobal
